
Microsoft Visual Studio Solution File, Format Version 12.00
# Visual Studio Version 16
VisualStudioVersion = 16.0.31829.152
MinimumVisualStudioVersion = 10.0.40219.1
Project("{FAE04EC0-301F-11D3-BF4B-00C04F79EFBC}") = "Zadanie_stairs_model", "Zadanie_stairs_model\Zadanie_stairs_model.csproj", "{F080F62D-D37C-4129-898D-A671CE08E824}"
EndProject
Global
	GlobalSection(SolutionConfigurationPlatforms) = preSolution
		Debug|Any CPU = Debug|Any CPU
		Release|Any CPU = Release|Any CPU
	EndGlobalSection
	GlobalSection(ProjectConfigurationPlatforms) = postSolution
		{F080F62D-D37C-4129-898D-A671CE08E824}.Debug|Any CPU.ActiveCfg = Debug|Any CPU
		{F080F62D-D37C-4129-898D-A671CE08E824}.Debug|Any CPU.Build.0 = Debug|Any CPU
		{F080F62D-D37C-4129-898D-A671CE08E824}.Release|Any CPU.ActiveCfg = Release|Any CPU
		{F080F62D-D37C-4129-898D-A671CE08E824}.Release|Any CPU.Build.0 = Release|Any CPU
	EndGlobalSection
	GlobalSection(SolutionProperties) = preSolution
		HideSolutionNode = FALSE
	EndGlobalSection
	GlobalSection(ExtensibilityGlobals) = postSolution
		SolutionGuid = {9981ADDF-7BB4-4440-8BCE-140F8532077C}
	EndGlobalSection
EndGlobal
